# This file is automatically @generated by Cargo.
# It is not intended for manual editing.
version = 4

[[package]]
name = "ratel-cli"
version = "0.0.0"
dependencies = [
 "ratel-core",
]

[[package]]
name = "ratel-core"
version = "0.0.0"

[[package]]
name = "ratel-mcp-server"
version = "0.0.0"
dependencies = [
 "ratel-core",
]

[[package]]
name = "ratel-server"
version = "0.0.0"
dependencies = [
 "ratel-core",
]
